{
    "_readme": [
        "This file locks the dependencies of your project to a known state",
        "Read more about it at https://getcomposer.org/doc/01-basic-usage.md#installing-dependencies",
        "This file is @generated automatically"
    ],
    "content-hash": "9b83a6089ae714663d364d855459a932",
    "packages": [
        {
            "name": "josemmo/umysql",
            "version": "v0.0.1",
            "source": {
                "type": "git",
                "url": "https://github.com/josemmo/umysql.git",
                "reference": "dffd3a93b18e04ca7d4950828d1e47621642230b"
            },
            "dist": {
                "type": "zip",
                "url": "https://api.github.com/repos/josemmo/umysql/zipball/dffd3a93b18e04ca7d4950828d1e47621642230b",
                "reference": "dffd3a93b18e04ca7d4950828d1e47621642230b",
                "shasum": ""
            },
            "require": {
                "ext-mysqli": "*",
                "php": ">=7.1"
            },
            "require-dev": {
                "jetbrains/phpstorm-stubs": "^2022.1",
                "psalm/plugin-phpunit": "^0.17.0",
                "symfony/phpunit-bridge": "*",
                "vimeo/psalm": "^4.24"
            },
            "type": "library",
            "autoload": {
                "psr-4": {
                    "UMySQL\\": "src/"
                }
            },
            "notification-url": "https://packagist.org/downloads/",
            "license": [
                "MIT"
            ],
            "authors": [
                {
                    "name": "José Miguel Moreno",
                    "email": "josemmo@pm.me",
                    "homepage": "https://github.com/josemmo"
                }
            ],
            "description": "Uncomplicated MySQL Abstraction Layer",
            "homepage": "https://github.com/josemmo/umysql",
            "keywords": [
                "database",
                "mysql",
                "mysqli"
            ],
            "support": {
                "issues": "https://github.com/josemmo/umysql/issues",
                "source": "https://github.com/josemmo/umysql/tree/v0.0.1"
            },
            "time": "2022-07-05T13:38:03+00:00"
        },
        {
            "name": "league/plates",
            "version": "v3.5.0",
            "source": {
                "type": "git",
                "url": "https://github.com/thephpleague/plates.git",
                "reference": "a6a3238e46c6e19af7318fdc36bfbe49b0620231"
            },
            "dist": {
                "type": "zip",
                "url": "https://api.github.com/repos/thephpleague/plates/zipball/a6a3238e46c6e19af7318fdc36bfbe49b0620231",
                "reference": "a6a3238e46c6e19af7318fdc36bfbe49b0620231",
                "shasum": ""
            },
            "require": {
                "php": "^7.0|^8.0"
            },
            "require-dev": {
                "mikey179/vfsstream": "^1.6",
                "phpunit/phpunit": "^9.5",
                "squizlabs/php_codesniffer": "^3.5"
            },
            "type": "library",
            "extra": {
                "branch-alias": {
                    "dev-master": "3.0-dev"
                }
            },
            "autoload": {
                "psr-4": {
                    "League\\Plates\\": "src"
                }
            },
            "notification-url": "https://packagist.org/downloads/",
            "license": [
                "MIT"
            ],
            "authors": [
                {
                    "name": "Jonathan Reinink",
                    "email": "jonathan@reinink.ca",
                    "role": "Developer"
                },
                {
                    "name": "RJ Garcia",
                    "email": "ragboyjr@icloud.com",
                    "role": "Developer"
                }
            ],
            "description": "Plates, the native PHP template system that's fast, easy to use and easy to extend.",
            "homepage": "https://platesphp.com",
            "keywords": [
                "league",
                "package",
                "templates",
                "templating",
                "views"
            ],
            "support": {
                "issues": "https://github.com/thephpleague/plates/issues",
                "source": "https://github.com/thephpleague/plates/tree/v3.5.0"
            },
            "time": "2023-01-16T20:25:45+00:00"
        },
        {
            "name": "maennchen/zipstream-php",
            "version": "3.1.0",
            "source": {
                "type": "git",
                "url": "https://github.com/maennchen/ZipStream-PHP.git",
                "reference": "b8174494eda667f7d13876b4a7bfef0f62a7c0d1"
            },
            "dist": {
                "type": "zip",
                "url": "https://api.github.com/repos/maennchen/ZipStream-PHP/zipball/b8174494eda667f7d13876b4a7bfef0f62a7c0d1",
                "reference": "b8174494eda667f7d13876b4a7bfef0f62a7c0d1",
                "shasum": ""
            },
            "require": {
                "ext-mbstring": "*",
                "ext-zlib": "*",
                "php-64bit": "^8.1"
            },
            "require-dev": {
                "ext-zip": "*",
                "friendsofphp/php-cs-fixer": "^3.16",
                "guzzlehttp/guzzle": "^7.5",
                "mikey179/vfsstream": "^1.6",
                "php-coveralls/php-coveralls": "^2.5",
                "phpunit/phpunit": "^10.0",
                "vimeo/psalm": "^5.0"
            },
            "suggest": {
                "guzzlehttp/psr7": "^2.4",
                "psr/http-message": "^2.0"
            },
            "type": "library",
            "autoload": {
                "psr-4": {
                    "ZipStream\\": "src/"
                }
            },
            "notification-url": "https://packagist.org/downloads/",
            "license": [
                "MIT"
            ],
            "authors": [
                {
                    "name": "Paul Duncan",
                    "email": "pabs@pablotron.org"
                },
                {
                    "name": "Jonatan Männchen",
                    "email": "jonatan@maennchen.ch"
                },
                {
                    "name": "Jesse Donat",
                    "email": "donatj@gmail.com"
                },
                {
                    "name": "András Kolesár",
                    "email": "kolesar@kolesar.hu"
                }
            ],
            "description": "ZipStream is a library for dynamically streaming dynamic zip files from PHP without writing to the disk at all on the server.",
            "keywords": [
                "stream",
                "zip"
            ],
            "support": {
                "issues": "https://github.com/maennchen/ZipStream-PHP/issues",
                "source": "https://github.com/maennchen/ZipStream-PHP/tree/3.1.0"
            },
            "funding": [
                {
                    "url": "https://github.com/maennchen",
                    "type": "github"
                },
                {
                    "url": "https://opencollective.com/zipstream",
                    "type": "open_collective"
                }
            ],
            "time": "2023-06-21T14:59:35+00:00"
        }
    ],
    "packages-dev": [
        {
            "name": "symfony/phpunit-bridge",
            "version": "v6.3.1",
            "source": {
                "type": "git",
                "url": "https://github.com/symfony/phpunit-bridge.git",
                "reference": "0b0bf59b0d9bd1422145a123a67fb12af546ef0d"
            },
            "dist": {
                "type": "zip",
                "url": "https://api.github.com/repos/symfony/phpunit-bridge/zipball/0b0bf59b0d9bd1422145a123a67fb12af546ef0d",
                "reference": "0b0bf59b0d9bd1422145a123a67fb12af546ef0d",
                "shasum": ""
            },
            "require": {
                "php": ">=7.1.3"
            },
            "conflict": {
                "phpunit/phpunit": "<7.5|9.1.2"
            },
            "require-dev": {
                "symfony/deprecation-contracts": "^2.5|^3.0",
                "symfony/error-handler": "^5.4|^6.0",
                "symfony/polyfill-php81": "^1.27"
            },
            "bin": [
                "bin/simple-phpunit"
            ],
            "type": "symfony-bridge",
            "extra": {
                "thanks": {
                    "name": "phpunit/phpunit",
                    "url": "https://github.com/sebastianbergmann/phpunit"
                }
            },
            "autoload": {
                "files": [
                    "bootstrap.php"
                ],
                "psr-4": {
                    "Symfony\\Bridge\\PhpUnit\\": ""
                },
                "exclude-from-classmap": [
                    "/Tests/"
                ]
            },
            "notification-url": "https://packagist.org/downloads/",
            "license": [
                "MIT"
            ],
            "authors": [
                {
                    "name": "Nicolas Grekas",
                    "email": "p@tchwork.com"
                },
                {
                    "name": "Symfony Community",
                    "homepage": "https://symfony.com/contributors"
                }
            ],
            "description": "Provides utilities for PHPUnit, especially user deprecation notices management",
            "homepage": "https://symfony.com",
            "support": {
                "source": "https://github.com/symfony/phpunit-bridge/tree/v6.3.1"
            },
            "funding": [
                {
                    "url": "https://symfony.com/sponsor",
                    "type": "custom"
                },
                {
                    "url": "https://github.com/fabpot",
                    "type": "github"
                },
                {
                    "url": "https://tidelift.com/funding/github/packagist/symfony/symfony",
                    "type": "tidelift"
                }
            ],
            "time": "2023-06-23T13:25:16+00:00"
        }
    ],
    "aliases": [],
    "minimum-stability": "stable",
    "stability-flags": [],
    "prefer-stable": false,
    "prefer-lowest": false,
    "platform": {
        "php": ">=8.2",
        "ext-curl": "*",
        "ext-zip": "*"
    },
    "platform-dev": [],
    "plugin-api-version": "2.3.0"
}
